// !$*UTF8*$!
{
	archiveVersion = 1;
	classes = {
	};
	objectVersion = 48;
	objects = {

/* Begin PBXBuildFile section */
		AC033DBA1FBE762300828C22 /* AppDelegate.swift in Sources */ = {isa = PBXBuildFile; fileRef = AC033DB91FBE762300828C22 /* AppDelegate.swift */; };
		AC033DBC1FBE762300828C22 /* ViewController.swift in Sources */ = {isa = PBXBuildFile; fileRef = AC033DBB1FBE762300828C22 /* ViewController.swift */; };
		AC033DBF1FBE762300828C22 /* Main.storyboard in Resources */ = {isa = PBXBuildFile; fileRef = AC033DBD1FBE762300828C22 /* Main.storyboard */; };
		AC033DC11FBE762300828C22 /* Assets.xcassets in Resources */ = {isa = PBXBuildFile; fileRef = AC033DC01FBE762300828C22 /* Assets.xcassets */; };
		AC033DC41FBE762300828C22 /* LaunchScreen.storyboard in Resources */ = {isa = PBXBuildFile; fileRef = AC033DC21FBE762300828C22 /* LaunchScreen.storyboard */; };
		AC033DCE1FBE788800828C22 /* TableViewCell.swift in Sources */ = {isa = PBXBuildFile; fileRef = AC033DCC1FBE788800828C22 /* TableViewCell.swift */; };
		AC033DCF1FBE788800828C22 /* TableViewCell.xib in Resources */ = {isa = PBXBuildFile; fileRef = AC033DCD1FBE788800828C22 /* TableViewCell.xib */; };
		AC033DD51FBE836E00828C22 /* DetailVC.swift in Sources */ = {isa = PBXBuildFile; fileRef = AC033DD31FBE836E00828C22 /* DetailVC.swift */; };
		AC033DD61FBE836E00828C22 /* DetailVC.xib in Resources */ = {isa = PBXBuildFile; fileRef = AC033DD41FBE836E00828C22 /* DetailVC.xib */; };
/* End PBXBuildFile section */

/* Begin PBXFileReference section */
		AC033DB61FBE762300828C22 /* tableVIewXibGOT.app */ = {isa = PBXFileReference; explicitFileType = wrapper.application; includeInIndex = 0; path = tableVIewXibGOT.app; sourceTree = BUILT_PRODUCTS_DIR; };
		AC033DB91FBE762300828C22 /* AppDelegate.swift */ = {isa = PBXFileReference; lastKnownFileType = sourcecode.swift; path = AppDelegate.swift; sourceTree = "<group>"; };
		AC033DBB1FBE762300828C22 /* ViewController.swift */ = {isa = PBXFileReference; lastKnownFileType = sourcecode.swift; path = ViewController.swift; sourceTree = "<group>"; };
		AC033DBE1FBE762300828C22 /* Base */ = {isa = PBXFileReference; lastKnownFileType = file.storyboard; name = Base; path = Base.lproj/Main.storyboard; sourceTree = "<group>"; };
		AC033DC01FBE762300828C22 /* Assets.xcassets */ = {isa = PBXFileReference; lastKnownFileType = folder.assetcatalog; path = Assets.xcassets; sourceTree = "<group>"; };
		AC033DC31FBE762300828C22 /* Base */ = {isa = PBXFileReference; lastKnownFileType = file.storyboard; name = Base; path = Base.lproj/LaunchScreen.storyboard; sourceTree = "<group>"; };
		AC033DC51FBE762300828C22 /* Info.plist */ = {isa = PBXFileReference; lastKnownFileType = text.plist.xml; path = Info.plist; sourceTree = "<group>"; };
		AC033DCC1FBE788800828C22 /* TableViewCell.swift */ = {isa = PBXFileReference; lastKnownFileType = sourcecode.swift; path = TableViewCell.swift; sourceTree = "<group>"; };
		AC033DCD1FBE788800828C22 /* TableViewCell.xib */ = {isa = PBXFileReference; lastKnownFileType = file.xib; path = TableViewCell.xib; sourceTree = "<group>"; };
		AC033DD31FBE836E00828C22 /* DetailVC.swift */ = {isa = PBXFileReference; lastKnownFileType = sourcecode.swift; path = DetailVC.swift; sourceTree = "<group>"; };
		AC033DD41FBE836E00828C22 /* DetailVC.xib */ = {isa = PBXFileReference; lastKnownFileType = file.xib; path = DetailVC.xib; sourceTree = "<group>"; };
/* End PBXFileReference section */

/* Begin PBXFrameworksBuildPhase section */
		AC033DB31FBE762300828C22 /* Frameworks */ = {
			isa = PBXFrameworksBuildPhase;
			buildActionMask = 2147483647;
			files = (
			);
			runOnlyForDeploymentPostprocessing = 0;
		};
/* End PBXFrameworksBuildPhase section */

/* Begin PBXGroup section */
		AC033DAD1FBE762300828C22 = {
			isa = PBXGroup;
			children = (
				AC033DB81FBE762300828C22 /* tableVIewXibGOT */,
				AC033DB71FBE762300828C22 /* Products */,
			);
			sourceTree = "<group>";
		};
		AC033DB71FBE762300828C22 /* Products */ = {
			isa = PBXGroup;
			children = (
				AC033DB61FBE762300828C22 /* tableVIewXibGOT.app */,
			);
			name = Products;
			sourceTree = "<group>";
		};
		AC033DB81FBE762300828C22 /* tableVIewXibGOT */ = {
			isa = PBXGroup;
			children = (
				AC033DD01FBE830700828C22 /* DetailVC */,
				AC033DCB1FBE784E00828C22 /* cell */,
				AC033DB91FBE762300828C22 /* AppDelegate.swift */,
				AC033DC01FBE762300828C22 /* Assets.xcassets */,
				AC033DC21FBE762300828C22 /* LaunchScreen.storyboard */,
				AC033DC51FBE762300828C22 /* Info.plist */,
				AC033DBB1FBE762300828C22 /* ViewController.swift */,
				AC033DBD1FBE762300828C22 /* Main.storyboard */,
			);
			path = tableVIewXibGOT;
			sourceTree = "<group>";
		};
		AC033DCB1FBE784E00828C22 /* cell */ = {
			isa = PBXGroup;
			children = (
				AC033DCC1FBE788800828C22 /* TableViewCell.swift */,
				AC033DCD1FBE788800828C22 /* TableViewCell.xib */,
			);
			path = cell;
			sourceTree = "<group>";
		};
		AC033DD01FBE830700828C22 /* DetailVC */ = {
			isa = PBXGroup;
			children = (
				AC033DD31FBE836E00828C22 /* DetailVC.swift */,
				AC033DD41FBE836E00828C22 /* DetailVC.xib */,
			);
			path = DetailVC;
			sourceTree = "<group>";
		};
/* End PBXGroup section */

/* Begin PBXNativeTarget section */
		AC033DB51FBE762300828C22 /* tableVIewXibGOT */ = {
			isa = PBXNativeTarget;
			buildConfigurationList = AC033DC81FBE762300828C22 /* Build configuration list for PBXNativeTarget "tableVIewXibGOT" */;
			buildPhases = (
				AC033DB21FBE762300828C22 /* Sources */,
				AC033DB31FBE762300828C22 /* Frameworks */,
				AC033DB41FBE762300828C22 /* Resources */,
			);
			buildRules = (
			);
			dependencies = (
			);
			name = tableVIewXibGOT;
			productName = tableVIewXibGOT;
			productReference = AC033DB61FBE762300828C22 /* tableVIewXibGOT.app */;
			productType = "com.apple.product-type.application";
		};
/* End PBXNativeTarget section */

/* Begin PBXProject section */
		AC033DAE1FBE762300828C22 /* Project object */ = {
			isa = PBXProject;
			attributes = {
				LastSwiftUpdateCheck = 0910;
				LastUpgradeCheck = 0910;
				ORGANIZATIONNAME = "Vineeth Xavier";
				TargetAttributes = {
					AC033DB51FBE762300828C22 = {
						CreatedOnToolsVersion = 9.1;
						ProvisioningStyle = Automatic;
					};
				};
			};
			buildConfigurationList = AC033DB11FBE762300828C22 /* Build configuration list for PBXProject "tableVIewXibGOT" */;
			compatibilityVersion = "Xcode 8.0";
			developmentRegion = en;
			hasScannedForEncodings = 0;
			knownRegions = (
				en,
				Base,
			);
			mainGroup = AC033DAD1FBE762300828C22;
			productRefGroup = AC033DB71FBE762300828C22 /* Products */;
			projectDirPath = "";
			projectRoot = "";
			targets = (
				AC033DB51FBE762300828C22 /* tableVIewXibGOT */,
			);
		};
/* End PBXProject section */

/* Begin PBXResourcesBuildPhase section */
		AC033DB41FBE762300828C22 /* Resources */ = {
			isa = PBXResourcesBuildPhase;
			buildActionMask = 2147483647;
			files = (
				AC033DC41FBE762300828C22 /* LaunchScreen.storyboard in Resources */,
				AC033DCF1FBE788800828C22 /* TableViewCell.xib in Resources */,
				AC033DC11FBE762300828C22 /* Assets.xcassets in Resources */,
				AC033DBF1FBE762300828C22 /* Main.storyboard in Resources */,
				AC033DD61FBE836E00828C22 /* DetailVC.xib in Resources */,
			);
			runOnlyForDeploymentPostprocessing = 0;
		};
/* End PBXResourcesBuildPhase section */

/* Begin PBXSourcesBuildPhase section */
		AC033DB21FBE762300828C22 /* Sources */ = {
			isa = PBXSourcesBuildPhase;
			buildActionMask = 2147483647;
			files = (
				AC033DCE1FBE788800828C22 /* TableViewCell.swift in Sources */,
				AC033DD51FBE836E00828C22 /* DetailVC.swift in Sources */,
				AC033DBC1FBE762300828C22 /* ViewController.swift in Sources */,
				AC033DBA1FBE762300828C22 /* AppDelegate.swift in Sources */,
			);
			runOnlyForDeploymentPostprocessing = 0;
		};
/* End PBXSourcesBuildPhase section */

/* Begin PBXVariantGroup section */
		AC033DBD1FBE762300828C22 /* Main.storyboard */ = {
			isa = PBXVariantGroup;
			children = (
				AC033DBE1FBE762300828C22 /* Base */,
			);
			name = Main.storyboard;
			sourceTree = "<group>";
		};
		AC033DC21FBE762300828C22 /* LaunchScreen.storyboard */ = {
			isa = PBXVariantGroup;
			children = (
				AC033DC31FBE762300828C22 /* Base */,
			);
			name = LaunchScreen.storyboard;
			sourceTree = "<group>";
		};
/* End PBXVariantGroup section */

/* Begin XCBuildConfiguration section */
		AC033DC61FBE762300828C22 /* Debug */ = {
			isa = XCBuildConfiguration;
			buildSettings = {
				ALWAYS_SEARCH_USER_PATHS = NO;
				CLANG_ANALYZER_NONNULL = YES;
				CLANG_ANALYZER_NUMBER_OBJECT_CONVERSION = YES_AGGRESSIVE;
				CLANG_CXX_LANGUAGE_STANDARD = "gnu++14";
				CLANG_CXX_LIBRARY = "libc++";
				CLANG_ENABLE_MODULES = YES;
				CLANG_ENABLE_OBJC_ARC = YES;
				CLANG_WARN_BLOCK_CAPTURE_AUTORELEASING = YES;
				CLANG_WARN_BOOL_CONVERSION = YES;
				CLANG_WARN_COMMA = YES;
				CLANG_WARN_CONSTANT_CONVERSION = YES;
				CLANG_WARN_DIRECT_OBJC_ISA_USAGE = YES_ERROR;
				CLANG_WARN_DOCUMENTATION_COMMENTS = YES;
				CLANG_WARN_EMPTY_BODY = YES;
				CLANG_WARN_ENUM_CONVERSION = YES;
				CLANG_WARN_INFINITE_RECURSION = YES;
				CLANG_WARN_INT_CONVERSION = YES;
				CLANG_WARN_NON_LITERAL_NULL_CONVERSION = YES;
				CLANG_WARN_OBJC_LITERAL_CONVERSION = YES;
				CLANG_WARN_OBJC_ROOT_CLASS = YES_ERROR;
				CLANG_WARN_RANGE_LOOP_ANALYSIS = YES;
				CLANG_WARN_STRICT_PROTOTYPES = YES;
				CLANG_WARN_SUSPICIOUS_MOVE = YES;
				CLANG_WARN_UNGUARDED_AVAILABILITY = YES_AGGRESSIVE;
				CLANG_WARN_UNREACHABLE_CODE = YES;
				CLANG_WARN__DUPLICATE_METHOD_MATCH = YES;
				CODE_SIGN_IDENTITY = "iPhone Developer";
				COPY_PHASE_STRIP = NO;
				DEBUG_INFORMATION_FORMAT = dwarf;
				ENABLE_STRICT_OBJC_MSGSEND = YES;
				ENABLE_TESTABILITY = YES;
				GCC_C_LANGUAGE_STANDARD = gnu11;
				GCC_DYNAMIC_NO_PIC = NO;
				GCC_NO_COMMON_BLOCKS = YES;
				GCC_OPTIMIZATION_LEVEL = 0;
				GCC_PREPROCESSOR_DEFINITIONS = (
					"DEBUG=1",
					"$(inherited)",
				);
				GCC_WARN_64_TO_32_BIT_CONVERSION = YES;
				GCC_WARN_ABOUT_RETURN_TYPE = YES_ERROR;
				GCC_WARN_UNDECLARED_SELECTOR = YES;
				GCC_WARN_UNINITIALIZED_AUTOS = YES_AGGRESSIVE;
				GCC_WARN_UNUSED_FUNCTION = YES;
				GCC_WARN_UNUSED_VARIABLE = YES;
				IPHONEOS_DEPLOYMENT_TARGET = 11.1;
				MTL_ENABLE_DEBUG_INFO = YES;
				ONLY_ACTIVE_ARCH = YES;
				SDKROOT = iphoneos;
				SWIFT_ACTIVE_COMPILATION_CONDITIONS = DEBUG;
				SWIFT_OPTIMIZATION_LEVEL = "-Onone";
			};
			name = Debug;
		};
		AC033DC71FBE762300828C22 /* Release */ = {
			isa = XCBuildConfiguration;
			buildSettings = {
				ALWAYS_SEARCH_USER_PATHS = NO;
				CLANG_ANALYZER_NONNULL = YES;
				CLANG_ANALYZER_NUMBER_OBJECT_CONVERSION = YES_AGGRESSIVE;
				CLANG_CXX_LANGUAGE_STANDARD = "gnu++14";
				CLANG_CXX_LIBRARY = "libc++";
				CLANG_ENABLE_MODULES = YES;
				CLANG_ENABLE_OBJC_ARC = YES;
				CLANG_WARN_BLOCK_CAPTURE_AUTORELEASING = YES;
				CLANG_WARN_BOOL_CONVERSION = YES;
				CLANG_WARN_COMMA = YES;
				CLANG_WARN_CONSTANT_CONVERSION = YES;
				CLANG_WARN_DIRECT_OBJC_ISA_USAGE = YES_ERROR;
				CLANG_WARN_DOCUMENTATION_COMMENTS = YES;
				CLANG_WARN_EMPTY_BODY = YES;
				CLANG_WARN_ENUM_CONVERSION = YES;
				CLANG_WARN_INFINITE_RECURSION = YES;
				CLANG_WARN_INT_CONVERSION = YES;
				CLANG_WARN_NON_LITERAL_NULL_CONVERSION = YES;
				CLANG_WARN_OBJC_LITERAL_CONVERSION = YES;
				CLANG_WARN_OBJC_ROOT_CLASS = YES_ERROR;
				CLANG_WARN_RANGE_LOOP_ANALYSIS = YES;
				CLANG_WARN_STRICT_PROTOTYPES = YES;
				CLANG_WARN_SUSPICIOUS_MOVE = YES;
				CLANG_WARN_UNGUARDED_AVAILABILITY = YES_AGGRESSIVE;
				CLANG_WARN_UNREACHABLE_CODE = YES;
				CLANG_WARN__DUPLICATE_METHOD_MATCH = YES;
				CODE_SIGN_IDENTITY = "iPhone Developer";
				COPY_PHASE_STRIP = NO;
				DEBUG_INFORMATION_FORMAT = "dwarf-with-dsym";
				ENABLE_NS_ASSERTIONS = NO;
				ENABLE_STRICT_OBJC_MSGSEND = YES;
				GCC_C_LANGUAGE_STANDARD = gnu11;
				GCC_NO_COMMON_BLOCKS = YES;
				GCC_WARN_64_TO_32_BIT_CONVERSION = YES;
				GCC_WARN_ABOUT_RETURN_TYPE = YES_ERROR;
				GCC_WARN_UNDECLARED_SELECTOR = YES;
				GCC_WARN_UNINITIALIZED_AUTOS = YES_AGGRESSIVE;
				GCC_WARN_UNUSED_FUNCTION = YES;
				GCC_WARN_UNUSED_VARIABLE = YES;
				IPHONEOS_DEPLOYMENT_TARGET = 11.1;
				MTL_ENABLE_DEBUG_INFO = NO;
				SDKROOT = iphoneos;
				SWIFT_OPTIMIZATION_LEVEL = "-Owholemodule";
				VALIDATE_PRODUCT = YES;
			};
			name = Release;
		};
		AC033DC91FBE762300828C22 /* Debug */ = {
			isa = XCBuildConfiguration;
			buildSettings = {
				ASSETCATALOG_COMPILER_APPICON_NAME = AppIcon;
				CODE_SIGN_STYLE = Automatic;
				DEVELOPMENT_TEAM = RCFH7Y85S3;
				INFOPLIST_FILE = tableVIewXibGOT/Info.plist;
				LD_RUNPATH_SEARCH_PATHS = "$(inherited) @executable_path/Frameworks";
				PRODUCT_BUNDLE_IDENTIFIER = vx.tableVIewXibGOT;
				PRODUCT_NAME = "$(TARGET_NAME)";
				SWIFT_VERSION = 4.0;
				TARGETED_DEVICE_FAMILY = "1,2";
			};
			name = Debug;
		};
		AC033DCA1FBE762300828C22 /* Release */ = {
			isa = XCBuildConfiguration;
			buildSettings = {
				ASSETCATALOG_COMPILER_APPICON_NAME = AppIcon;
				CODE_SIGN_STYLE = Automatic;
				DEVELOPMENT_TEAM = RCFH7Y85S3;
				INFOPLIST_FILE = tableVIewXibGOT/Info.plist;
				LD_RUNPATH_SEARCH_PATHS = "$(inherited) @executable_path/Frameworks";
				PRODUCT_BUNDLE_IDENTIFIER = vx.tableVIewXibGOT;
				PRODUCT_NAME = "$(TARGET_NAME)";
				SWIFT_VERSION = 4.0;
				TARGETED_DEVICE_FAMILY = "1,2";
			};
			name = Release;
		};
/* End XCBuildConfiguration section */

/* Begin XCConfigurationList section */
		AC033DB11FBE762300828C22 /* Build configuration list for PBXProject "tableVIewXibGOT" */ = {
			isa = XCConfigurationList;
			buildConfigurations = (
				AC033DC61FBE762300828C22 /* Debug */,
				AC033DC71FBE762300828C22 /* Release */,
			);
			defaultConfigurationIsVisible = 0;
			defaultConfigurationName = Release;
		};
		AC033DC81FBE762300828C22 /* Build configuration list for PBXNativeTarget "tableVIewXibGOT" */ = {
			isa = XCConfigurationList;
			buildConfigurations = (
				AC033DC91FBE762300828C22 /* Debug */,
				AC033DCA1FBE762300828C22 /* Release */,
			);
			defaultConfigurationIsVisible = 0;
			defaultConfigurationName = Release;
		};
/* End XCConfigurationList section */
	};
	rootObject = AC033DAE1FBE762300828C22 /* Project object */;
}
